
Microsoft Visual Studio Solution File, Format Version 12.00
# Visual Studio Version 16
VisualStudioVersion = 16.0.29521.150
MinimumVisualStudioVersion = 10.0.40219.1
Project("{FAE04EC0-301F-11D3-BF4B-00C04F79EFBC}") = "VedanaTest", "VedanaTest\VedanaTest.csproj", "{B63F8B1E-766F-48DA-92FD-1629C68F3908}"
EndProject
Global
	GlobalSection(SolutionConfigurationPlatforms) = preSolution
		Debug|Any CPU = Debug|Any CPU
		Release|Any CPU = Release|Any CPU
	EndGlobalSection
	GlobalSection(ProjectConfigurationPlatforms) = postSolution
		{B63F8B1E-766F-48DA-92FD-1629C68F3908}.Debug|Any CPU.ActiveCfg = Debug|Any CPU
		{B63F8B1E-766F-48DA-92FD-1629C68F3908}.Debug|Any CPU.Build.0 = Debug|Any CPU
		{B63F8B1E-766F-48DA-92FD-1629C68F3908}.Release|Any CPU.ActiveCfg = Release|Any CPU
		{B63F8B1E-766F-48DA-92FD-1629C68F3908}.Release|Any CPU.Build.0 = Release|Any CPU
	EndGlobalSection
	GlobalSection(SolutionProperties) = preSolution
		HideSolutionNode = FALSE
	EndGlobalSection
	GlobalSection(ExtensibilityGlobals) = postSolution
		SolutionGuid = {C42A2CDA-AF82-42F3-97EC-B9DD4589288E}
	EndGlobalSection
EndGlobal
